// !$*UTF8*$!
{
	archiveVersion = 1;
	classes = {
	};
	objectVersion = 46;
	objects = {

/* Begin PBXBuildFile section */
		8784DFEC1CF1DF7900974179 /* AppDelegate.swift in Sources */ = {isa = PBXBuildFile; fileRef = 8784DFEB1CF1DF7900974179 /* AppDelegate.swift */; };
		8784DFEE1CF1DF7900974179 /* ViewController.swift in Sources */ = {isa = PBXBuildFile; fileRef = 8784DFED1CF1DF7900974179 /* ViewController.swift */; };
		8784DFF11CF1DF7900974179 /* Main.storyboard in Resources */ = {isa = PBXBuildFile; fileRef = 8784DFEF1CF1DF7900974179 /* Main.storyboard */; };
		8784DFF31CF1DF7900974179 /* Assets.xcassets in Resources */ = {isa = PBXBuildFile; fileRef = 8784DFF21CF1DF7900974179 /* Assets.xcassets */; };
		8784DFF61CF1DF7900974179 /* LaunchScreen.storyboard in Resources */ = {isa = PBXBuildFile; fileRef = 8784DFF41CF1DF7900974179 /* LaunchScreen.storyboard */; };
		8784E0011CF1DF7900974179 /* MaterialDesignCircularProgressViewTests.swift in Sources */ = {isa = PBXBuildFile; fileRef = 8784E0001CF1DF7900974179 /* MaterialDesignCircularProgressViewTests.swift */; };
		8784E00C1CF1DF7900974179 /* MaterialDesignCircularProgressViewUITests.swift in Sources */ = {isa = PBXBuildFile; fileRef = 8784E00B1CF1DF7900974179 /* MaterialDesignCircularProgressViewUITests.swift */; };
/* End PBXBuildFile section */

/* Begin PBXContainerItemProxy section */
		8784DFFD1CF1DF7900974179 /* PBXContainerItemProxy */ = {
			isa = PBXContainerItemProxy;
			containerPortal = 8784DFE01CF1DF7900974179 /* Project object */;
			proxyType = 1;
			remoteGlobalIDString = 8784DFE71CF1DF7900974179;
			remoteInfo = MaterialDesignCircularProgressView;
		};
		8784E0081CF1DF7900974179 /* PBXContainerItemProxy */ = {
			isa = PBXContainerItemProxy;
			containerPortal = 8784DFE01CF1DF7900974179 /* Project object */;
			proxyType = 1;
			remoteGlobalIDString = 8784DFE71CF1DF7900974179;
			remoteInfo = MaterialDesignCircularProgressView;
		};
/* End PBXContainerItemProxy section */

/* Begin PBXFileReference section */
		8784DFE81CF1DF7900974179 /* MaterialDesignCircularProgressView.app */ = {isa = PBXFileReference; explicitFileType = wrapper.application; includeInIndex = 0; path = MaterialDesignCircularProgressView.app; sourceTree = BUILT_PRODUCTS_DIR; };
		8784DFEB1CF1DF7900974179 /* AppDelegate.swift */ = {isa = PBXFileReference; lastKnownFileType = sourcecode.swift; path = AppDelegate.swift; sourceTree = "<group>"; };
		8784DFED1CF1DF7900974179 /* ViewController.swift */ = {isa = PBXFileReference; lastKnownFileType = sourcecode.swift; path = ViewController.swift; sourceTree = "<group>"; };
		8784DFF01CF1DF7900974179 /* Base */ = {isa = PBXFileReference; lastKnownFileType = file.storyboard; name = Base; path = Base.lproj/Main.storyboard; sourceTree = "<group>"; };
		8784DFF21CF1DF7900974179 /* Assets.xcassets */ = {isa = PBXFileReference; lastKnownFileType = folder.assetcatalog; path = Assets.xcassets; sourceTree = "<group>"; };
		8784DFF51CF1DF7900974179 /* Base */ = {isa = PBXFileReference; lastKnownFileType = file.storyboard; name = Base; path = Base.lproj/LaunchScreen.storyboard; sourceTree = "<group>"; };
		8784DFF71CF1DF7900974179 /* Info.plist */ = {isa = PBXFileReference; lastKnownFileType = text.plist.xml; path = Info.plist; sourceTree = "<group>"; };
		8784DFFC1CF1DF7900974179 /* MaterialDesignCircularProgressViewTests.xctest */ = {isa = PBXFileReference; explicitFileType = wrapper.cfbundle; includeInIndex = 0; path = MaterialDesignCircularProgressViewTests.xctest; sourceTree = BUILT_PRODUCTS_DIR; };
		8784E0001CF1DF7900974179 /* MaterialDesignCircularProgressViewTests.swift */ = {isa = PBXFileReference; lastKnownFileType = sourcecode.swift; path = MaterialDesignCircularProgressViewTests.swift; sourceTree = "<group>"; };
		8784E0021CF1DF7900974179 /* Info.plist */ = {isa = PBXFileReference; lastKnownFileType = text.plist.xml; path = Info.plist; sourceTree = "<group>"; };
		8784E0071CF1DF7900974179 /* MaterialDesignCircularProgressViewUITests.xctest */ = {isa = PBXFileReference; explicitFileType = wrapper.cfbundle; includeInIndex = 0; path = MaterialDesignCircularProgressViewUITests.xctest; sourceTree = BUILT_PRODUCTS_DIR; };
		8784E00B1CF1DF7900974179 /* MaterialDesignCircularProgressViewUITests.swift */ = {isa = PBXFileReference; lastKnownFileType = sourcecode.swift; path = MaterialDesignCircularProgressViewUITests.swift; sourceTree = "<group>"; };
		8784E00D1CF1DF7900974179 /* Info.plist */ = {isa = PBXFileReference; lastKnownFileType = text.plist.xml; path = Info.plist; sourceTree = "<group>"; };
/* End PBXFileReference section */

/* Begin PBXFrameworksBuildPhase section */
		8784DFE51CF1DF7900974179 /* Frameworks */ = {
			isa = PBXFrameworksBuildPhase;
			buildActionMask = 2147483647;
			files = (
			);
			runOnlyForDeploymentPostprocessing = 0;
		};
		8784DFF91CF1DF7900974179 /* Frameworks */ = {
			isa = PBXFrameworksBuildPhase;
			buildActionMask = 2147483647;
			files = (
			);
			runOnlyForDeploymentPostprocessing = 0;
		};
		8784E0041CF1DF7900974179 /* Frameworks */ = {
			isa = PBXFrameworksBuildPhase;
			buildActionMask = 2147483647;
			files = (
			);
			runOnlyForDeploymentPostprocessing = 0;
		};
/* End PBXFrameworksBuildPhase section */

/* Begin PBXGroup section */
		8784DFDF1CF1DF7900974179 = {
			isa = PBXGroup;
			children = (
				8784DFEA1CF1DF7900974179 /* MaterialDesignCircularProgressView */,
				8784DFFF1CF1DF7900974179 /* MaterialDesignCircularProgressViewTests */,
				8784E00A1CF1DF7900974179 /* MaterialDesignCircularProgressViewUITests */,
				8784DFE91CF1DF7900974179 /* Products */,
			);
			sourceTree = "<group>";
		};
		8784DFE91CF1DF7900974179 /* Products */ = {
			isa = PBXGroup;
			children = (
				8784DFE81CF1DF7900974179 /* MaterialDesignCircularProgressView.app */,
				8784DFFC1CF1DF7900974179 /* MaterialDesignCircularProgressViewTests.xctest */,
				8784E0071CF1DF7900974179 /* MaterialDesignCircularProgressViewUITests.xctest */,
			);
			name = Products;
			sourceTree = "<group>";
		};
		8784DFEA1CF1DF7900974179 /* MaterialDesignCircularProgressView */ = {
			isa = PBXGroup;
			children = (
				8784E0191CF1DF8400974179 /* Application */,
				8784E01A1CF1DFBB00974179 /* Controllers */,
			);
			path = MaterialDesignCircularProgressView;
			sourceTree = "<group>";
		};
		8784DFFF1CF1DF7900974179 /* MaterialDesignCircularProgressViewTests */ = {
			isa = PBXGroup;
			children = (
				8784E0001CF1DF7900974179 /* MaterialDesignCircularProgressViewTests.swift */,
				8784E0021CF1DF7900974179 /* Info.plist */,
			);
			path = MaterialDesignCircularProgressViewTests;
			sourceTree = "<group>";
		};
		8784E00A1CF1DF7900974179 /* MaterialDesignCircularProgressViewUITests */ = {
			isa = PBXGroup;
			children = (
				8784E00B1CF1DF7900974179 /* MaterialDesignCircularProgressViewUITests.swift */,
				8784E00D1CF1DF7900974179 /* Info.plist */,
			);
			path = MaterialDesignCircularProgressViewUITests;
			sourceTree = "<group>";
		};
		8784E0191CF1DF8400974179 /* Application */ = {
			isa = PBXGroup;
			children = (
				8784DFEB1CF1DF7900974179 /* AppDelegate.swift */,
				8784DFF41CF1DF7900974179 /* LaunchScreen.storyboard */,
				8784DFEF1CF1DF7900974179 /* Main.storyboard */,
				8784DFF21CF1DF7900974179 /* Assets.xcassets */,
				8784DFF71CF1DF7900974179 /* Info.plist */,
			);
			name = Application;
			sourceTree = "<group>";
		};
		8784E01A1CF1DFBB00974179 /* Controllers */ = {
			isa = PBXGroup;
			children = (
				8784DFED1CF1DF7900974179 /* ViewController.swift */,
			);
			name = Controllers;
			sourceTree = "<group>";
		};
/* End PBXGroup section */

/* Begin PBXNativeTarget section */
		8784DFE71CF1DF7900974179 /* MaterialDesignCircularProgressView */ = {
			isa = PBXNativeTarget;
			buildConfigurationList = 8784E0101CF1DF7900974179 /* Build configuration list for PBXNativeTarget "MaterialDesignCircularProgressView" */;
			buildPhases = (
				8784DFE41CF1DF7900974179 /* Sources */,
				8784DFE51CF1DF7900974179 /* Frameworks */,
				8784DFE61CF1DF7900974179 /* Resources */,
			);
			buildRules = (
			);
			dependencies = (
			);
			name = MaterialDesignCircularProgressView;
			productName = MaterialDesignCircularProgressView;
			productReference = 8784DFE81CF1DF7900974179 /* MaterialDesignCircularProgressView.app */;
			productType = "com.apple.product-type.application";
		};
		8784DFFB1CF1DF7900974179 /* MaterialDesignCircularProgressViewTests */ = {
			isa = PBXNativeTarget;
			buildConfigurationList = 8784E0131CF1DF7900974179 /* Build configuration list for PBXNativeTarget "MaterialDesignCircularProgressViewTests" */;
			buildPhases = (
				8784DFF81CF1DF7900974179 /* Sources */,
				8784DFF91CF1DF7900974179 /* Frameworks */,
				8784DFFA1CF1DF7900974179 /* Resources */,
			);
			buildRules = (
			);
			dependencies = (
				8784DFFE1CF1DF7900974179 /* PBXTargetDependency */,
			);
			name = MaterialDesignCircularProgressViewTests;
			productName = MaterialDesignCircularProgressViewTests;
			productReference = 8784DFFC1CF1DF7900974179 /* MaterialDesignCircularProgressViewTests.xctest */;
			productType = "com.apple.product-type.bundle.unit-test";
		};
		8784E0061CF1DF7900974179 /* MaterialDesignCircularProgressViewUITests */ = {
			isa = PBXNativeTarget;
			buildConfigurationList = 8784E0161CF1DF7900974179 /* Build configuration list for PBXNativeTarget "MaterialDesignCircularProgressViewUITests" */;
			buildPhases = (
				8784E0031CF1DF7900974179 /* Sources */,
				8784E0041CF1DF7900974179 /* Frameworks */,
				8784E0051CF1DF7900974179 /* Resources */,
			);
			buildRules = (
			);
			dependencies = (
				8784E0091CF1DF7900974179 /* PBXTargetDependency */,
			);
			name = MaterialDesignCircularProgressViewUITests;
			productName = MaterialDesignCircularProgressViewUITests;
			productReference = 8784E0071CF1DF7900974179 /* MaterialDesignCircularProgressViewUITests.xctest */;
			productType = "com.apple.product-type.bundle.ui-testing";
		};
/* End PBXNativeTarget section */

/* Begin PBXProject section */
		8784DFE01CF1DF7900974179 /* Project object */ = {
			isa = PBXProject;
			attributes = {
				LastSwiftUpdateCheck = 0730;
				LastUpgradeCheck = 0730;
				ORGANIZATIONNAME = "Narbeh Mirzaei";
				TargetAttributes = {
					8784DFE71CF1DF7900974179 = {
						CreatedOnToolsVersion = 7.3.1;
					};
					8784DFFB1CF1DF7900974179 = {
						CreatedOnToolsVersion = 7.3.1;
						TestTargetID = 8784DFE71CF1DF7900974179;
					};
					8784E0061CF1DF7900974179 = {
						CreatedOnToolsVersion = 7.3.1;
						TestTargetID = 8784DFE71CF1DF7900974179;
					};
				};
			};
			buildConfigurationList = 8784DFE31CF1DF7900974179 /* Build configuration list for PBXProject "MaterialDesignCircularProgressView" */;
			compatibilityVersion = "Xcode 3.2";
			developmentRegion = English;
			hasScannedForEncodings = 0;
			knownRegions = (
				en,
				Base,
			);
			mainGroup = 8784DFDF1CF1DF7900974179;
			productRefGroup = 8784DFE91CF1DF7900974179 /* Products */;
			projectDirPath = "";
			projectRoot = "";
			targets = (
				8784DFE71CF1DF7900974179 /* MaterialDesignCircularProgressView */,
				8784DFFB1CF1DF7900974179 /* MaterialDesignCircularProgressViewTests */,
				8784E0061CF1DF7900974179 /* MaterialDesignCircularProgressViewUITests */,
			);
		};
/* End PBXProject section */

/* Begin PBXResourcesBuildPhase section */
		8784DFE61CF1DF7900974179 /* Resources */ = {
			isa = PBXResourcesBuildPhase;
			buildActionMask = 2147483647;
			files = (
				8784DFF61CF1DF7900974179 /* LaunchScreen.storyboard in Resources */,
				8784DFF31CF1DF7900974179 /* Assets.xcassets in Resources */,
				8784DFF11CF1DF7900974179 /* Main.storyboard in Resources */,
			);
			runOnlyForDeploymentPostprocessing = 0;
		};
		8784DFFA1CF1DF7900974179 /* Resources */ = {
			isa = PBXResourcesBuildPhase;
			buildActionMask = 2147483647;
			files = (
			);
			runOnlyForDeploymentPostprocessing = 0;
		};
		8784E0051CF1DF7900974179 /* Resources */ = {
			isa = PBXResourcesBuildPhase;
			buildActionMask = 2147483647;
			files = (
			);
			runOnlyForDeploymentPostprocessing = 0;
		};
/* End PBXResourcesBuildPhase section */

/* Begin PBXSourcesBuildPhase section */
		8784DFE41CF1DF7900974179 /* Sources */ = {
			isa = PBXSourcesBuildPhase;
			buildActionMask = 2147483647;
			files = (
				8784DFEE1CF1DF7900974179 /* ViewController.swift in Sources */,
				8784DFEC1CF1DF7900974179 /* AppDelegate.swift in Sources */,
			);
			runOnlyForDeploymentPostprocessing = 0;
		};
		8784DFF81CF1DF7900974179 /* Sources */ = {
			isa = PBXSourcesBuildPhase;
			buildActionMask = 2147483647;
			files = (
				8784E0011CF1DF7900974179 /* MaterialDesignCircularProgressViewTests.swift in Sources */,
			);
			runOnlyForDeploymentPostprocessing = 0;
		};
		8784E0031CF1DF7900974179 /* Sources */ = {
			isa = PBXSourcesBuildPhase;
			buildActionMask = 2147483647;
			files = (
				8784E00C1CF1DF7900974179 /* MaterialDesignCircularProgressViewUITests.swift in Sources */,
			);
			runOnlyForDeploymentPostprocessing = 0;
		};
/* End PBXSourcesBuildPhase section */

/* Begin PBXTargetDependency section */
		8784DFFE1CF1DF7900974179 /* PBXTargetDependency */ = {
			isa = PBXTargetDependency;
			target = 8784DFE71CF1DF7900974179 /* MaterialDesignCircularProgressView */;
			targetProxy = 8784DFFD1CF1DF7900974179 /* PBXContainerItemProxy */;
		};
		8784E0091CF1DF7900974179 /* PBXTargetDependency */ = {
			isa = PBXTargetDependency;
			target = 8784DFE71CF1DF7900974179 /* MaterialDesignCircularProgressView */;
			targetProxy = 8784E0081CF1DF7900974179 /* PBXContainerItemProxy */;
		};
/* End PBXTargetDependency section */

/* Begin PBXVariantGroup section */
		8784DFEF1CF1DF7900974179 /* Main.storyboard */ = {
			isa = PBXVariantGroup;
			children = (
				8784DFF01CF1DF7900974179 /* Base */,
			);
			name = Main.storyboard;
			sourceTree = "<group>";
		};
		8784DFF41CF1DF7900974179 /* LaunchScreen.storyboard */ = {
			isa = PBXVariantGroup;
			children = (
				8784DFF51CF1DF7900974179 /* Base */,
			);
			name = LaunchScreen.storyboard;
			sourceTree = "<group>";
		};
/* End PBXVariantGroup section */

/* Begin XCBuildConfiguration section */
		8784E00E1CF1DF7900974179 /* Debug */ = {
			isa = XCBuildConfiguration;
			buildSettings = {
				ALWAYS_SEARCH_USER_PATHS = NO;
				CLANG_ANALYZER_NONNULL = YES;
				CLANG_CXX_LANGUAGE_STANDARD = "gnu++0x";
				CLANG_CXX_LIBRARY = "libc++";
				CLANG_ENABLE_MODULES = YES;
				CLANG_ENABLE_OBJC_ARC = YES;
				CLANG_WARN_BOOL_CONVERSION = YES;
				CLANG_WARN_CONSTANT_CONVERSION = YES;
				CLANG_WARN_DIRECT_OBJC_ISA_USAGE = YES_ERROR;
				CLANG_WARN_EMPTY_BODY = YES;
				CLANG_WARN_ENUM_CONVERSION = YES;
				CLANG_WARN_INT_CONVERSION = YES;
				CLANG_WARN_OBJC_ROOT_CLASS = YES_ERROR;
				CLANG_WARN_UNREACHABLE_CODE = YES;
				CLANG_WARN__DUPLICATE_METHOD_MATCH = YES;
				"CODE_SIGN_IDENTITY[sdk=iphoneos*]" = "iPhone Developer";
				COPY_PHASE_STRIP = NO;
				DEBUG_INFORMATION_FORMAT = dwarf;
				ENABLE_STRICT_OBJC_MSGSEND = YES;
				ENABLE_TESTABILITY = YES;
				GCC_C_LANGUAGE_STANDARD = gnu99;
				GCC_DYNAMIC_NO_PIC = NO;
				GCC_NO_COMMON_BLOCKS = YES;
				GCC_OPTIMIZATION_LEVEL = 0;
				GCC_PREPROCESSOR_DEFINITIONS = (
					"DEBUG=1",
					"$(inherited)",
				);
				GCC_WARN_64_TO_32_BIT_CONVERSION = YES;
				GCC_WARN_ABOUT_RETURN_TYPE = YES_ERROR;
				GCC_WARN_UNDECLARED_SELECTOR = YES;
				GCC_WARN_UNINITIALIZED_AUTOS = YES_AGGRESSIVE;
				GCC_WARN_UNUSED_FUNCTION = YES;
				GCC_WARN_UNUSED_VARIABLE = YES;
				IPHONEOS_DEPLOYMENT_TARGET = 9.3;
				MTL_ENABLE_DEBUG_INFO = YES;
				ONLY_ACTIVE_ARCH = YES;
				SDKROOT = iphoneos;
				SWIFT_OPTIMIZATION_LEVEL = "-Onone";
			};
			name = Debug;
		};
		8784E00F1CF1DF7900974179 /* Release */ = {
			isa = XCBuildConfiguration;
			buildSettings = {
				ALWAYS_SEARCH_USER_PATHS = NO;
				CLANG_ANALYZER_NONNULL = YES;
				CLANG_CXX_LANGUAGE_STANDARD = "gnu++0x";
				CLANG_CXX_LIBRARY = "libc++";
				CLANG_ENABLE_MODULES = YES;
				CLANG_ENABLE_OBJC_ARC = YES;
				CLANG_WARN_BOOL_CONVERSION = YES;
				CLANG_WARN_CONSTANT_CONVERSION = YES;
				CLANG_WARN_DIRECT_OBJC_ISA_USAGE = YES_ERROR;
				CLANG_WARN_EMPTY_BODY = YES;
				CLANG_WARN_ENUM_CONVERSION = YES;
				CLANG_WARN_INT_CONVERSION = YES;
				CLANG_WARN_OBJC_ROOT_CLASS = YES_ERROR;
				CLANG_WARN_UNREACHABLE_CODE = YES;
				CLANG_WARN__DUPLICATE_METHOD_MATCH = YES;
				"CODE_SIGN_IDENTITY[sdk=iphoneos*]" = "iPhone Developer";
				COPY_PHASE_STRIP = NO;
				DEBUG_INFORMATION_FORMAT = "dwarf-with-dsym";
				ENABLE_NS_ASSERTIONS = NO;
				ENABLE_STRICT_OBJC_MSGSEND = YES;
				GCC_C_LANGUAGE_STANDARD = gnu99;
				GCC_NO_COMMON_BLOCKS = YES;
				GCC_WARN_64_TO_32_BIT_CONVERSION = YES;
				GCC_WARN_ABOUT_RETURN_TYPE = YES_ERROR;
				GCC_WARN_UNDECLARED_SELECTOR = YES;
				GCC_WARN_UNINITIALIZED_AUTOS = YES_AGGRESSIVE;
				GCC_WARN_UNUSED_FUNCTION = YES;
				GCC_WARN_UNUSED_VARIABLE = YES;
				IPHONEOS_DEPLOYMENT_TARGET = 9.3;
				MTL_ENABLE_DEBUG_INFO = NO;
				SDKROOT = iphoneos;
				VALIDATE_PRODUCT = YES;
			};
			name = Release;
		};
		8784E0111CF1DF7900974179 /* Debug */ = {
			isa = XCBuildConfiguration;
			buildSettings = {
				ASSETCATALOG_COMPILER_APPICON_NAME = AppIcon;
				INFOPLIST_FILE = MaterialDesignCircularProgressView/Info.plist;
				LD_RUNPATH_SEARCH_PATHS = "$(inherited) @executable_path/Frameworks";
				PRODUCT_BUNDLE_IDENTIFIER = me.narbeh.MaterialDesignCircularProgressView;
				PRODUCT_NAME = "$(TARGET_NAME)";
			};
			name = Debug;
		};
		8784E0121CF1DF7900974179 /* Release */ = {
			isa = XCBuildConfiguration;
			buildSettings = {
				ASSETCATALOG_COMPILER_APPICON_NAME = AppIcon;
				INFOPLIST_FILE = MaterialDesignCircularProgressView/Info.plist;
				LD_RUNPATH_SEARCH_PATHS = "$(inherited) @executable_path/Frameworks";
				PRODUCT_BUNDLE_IDENTIFIER = me.narbeh.MaterialDesignCircularProgressView;
				PRODUCT_NAME = "$(TARGET_NAME)";
			};
			name = Release;
		};
		8784E0141CF1DF7900974179 /* Debug */ = {
			isa = XCBuildConfiguration;
			buildSettings = {
				BUNDLE_LOADER = "$(TEST_HOST)";
				INFOPLIST_FILE = MaterialDesignCircularProgressViewTests/Info.plist;
				LD_RUNPATH_SEARCH_PATHS = "$(inherited) @executable_path/Frameworks @loader_path/Frameworks";
				PRODUCT_BUNDLE_IDENTIFIER = me.narbeh.MaterialDesignCircularProgressViewTests;
				PRODUCT_NAME = "$(TARGET_NAME)";
				TEST_HOST = "$(BUILT_PRODUCTS_DIR)/MaterialDesignCircularProgressView.app/MaterialDesignCircularProgressView";
			};
			name = Debug;
		};
		8784E0151CF1DF7900974179 /* Release */ = {
			isa = XCBuildConfiguration;
			buildSettings = {
				BUNDLE_LOADER = "$(TEST_HOST)";
				INFOPLIST_FILE = MaterialDesignCircularProgressViewTests/Info.plist;
				LD_RUNPATH_SEARCH_PATHS = "$(inherited) @executable_path/Frameworks @loader_path/Frameworks";
				PRODUCT_BUNDLE_IDENTIFIER = me.narbeh.MaterialDesignCircularProgressViewTests;
				PRODUCT_NAME = "$(TARGET_NAME)";
				TEST_HOST = "$(BUILT_PRODUCTS_DIR)/MaterialDesignCircularProgressView.app/MaterialDesignCircularProgressView";
			};
			name = Release;
		};
		8784E0171CF1DF7900974179 /* Debug */ = {
			isa = XCBuildConfiguration;
			buildSettings = {
				INFOPLIST_FILE = MaterialDesignCircularProgressViewUITests/Info.plist;
				LD_RUNPATH_SEARCH_PATHS = "$(inherited) @executable_path/Frameworks @loader_path/Frameworks";
				PRODUCT_BUNDLE_IDENTIFIER = me.narbeh.MaterialDesignCircularProgressViewUITests;
				PRODUCT_NAME = "$(TARGET_NAME)";
				TEST_TARGET_NAME = MaterialDesignCircularProgressView;
			};
			name = Debug;
		};
		8784E0181CF1DF7900974179 /* Release */ = {
			isa = XCBuildConfiguration;
			buildSettings = {
				INFOPLIST_FILE = MaterialDesignCircularProgressViewUITests/Info.plist;
				LD_RUNPATH_SEARCH_PATHS = "$(inherited) @executable_path/Frameworks @loader_path/Frameworks";
				PRODUCT_BUNDLE_IDENTIFIER = me.narbeh.MaterialDesignCircularProgressViewUITests;
				PRODUCT_NAME = "$(TARGET_NAME)";
				TEST_TARGET_NAME = MaterialDesignCircularProgressView;
			};
			name = Release;
		};
/* End XCBuildConfiguration section */

/* Begin XCConfigurationList section */
		8784DFE31CF1DF7900974179 /* Build configuration list for PBXProject "MaterialDesignCircularProgressView" */ = {
			isa = XCConfigurationList;
			buildConfigurations = (
				8784E00E1CF1DF7900974179 /* Debug */,
				8784E00F1CF1DF7900974179 /* Release */,
			);
			defaultConfigurationIsVisible = 0;
			defaultConfigurationName = Release;
		};
		8784E0101CF1DF7900974179 /* Build configuration list for PBXNativeTarget "MaterialDesignCircularProgressView" */ = {
			isa = XCConfigurationList;
			buildConfigurations = (
				8784E0111CF1DF7900974179 /* Debug */,
				8784E0121CF1DF7900974179 /* Release */,
			);
			defaultConfigurationIsVisible = 0;
		};
		8784E0131CF1DF7900974179 /* Build configuration list for PBXNativeTarget "MaterialDesignCircularProgressViewTests" */ = {
			isa = XCConfigurationList;
			buildConfigurations = (
				8784E0141CF1DF7900974179 /* Debug */,
				8784E0151CF1DF7900974179 /* Release */,
			);
			defaultConfigurationIsVisible = 0;
		};
		8784E0161CF1DF7900974179 /* Build configuration list for PBXNativeTarget "MaterialDesignCircularProgressViewUITests" */ = {
			isa = XCConfigurationList;
			buildConfigurations = (
				8784E0171CF1DF7900974179 /* Debug */,
				8784E0181CF1DF7900974179 /* Release */,
			);
			defaultConfigurationIsVisible = 0;
		};
/* End XCConfigurationList section */
	};
	rootObject = 8784DFE01CF1DF7900974179 /* Project object */;
}
